
Microsoft Visual Studio Solution File, Format Version 12.00
# Visual Studio Version 16
VisualStudioVersion = 16.0.29215.179
MinimumVisualStudioVersion = 10.0.40219.1
Project("{FAE04EC0-301F-11D3-BF4B-00C04F79EFBC}") = "AZSD", "AZSD.csproj", "{A3B874A0-0AA5-47E8-A0C3-9D6A1449F011}"
EndProject
Global
	GlobalSection(SolutionConfigurationPlatforms) = preSolution
		Debug|Any CPU = Debug|Any CPU
		Release|Any CPU = Release|Any CPU
	EndGlobalSection
	GlobalSection(ProjectConfigurationPlatforms) = postSolution
		{A3B874A0-0AA5-47E8-A0C3-9D6A1449F011}.Debug|Any CPU.ActiveCfg = Debug|Any CPU
		{A3B874A0-0AA5-47E8-A0C3-9D6A1449F011}.Debug|Any CPU.Build.0 = Debug|Any CPU
		{A3B874A0-0AA5-47E8-A0C3-9D6A1449F011}.Release|Any CPU.ActiveCfg = Release|Any CPU
		{A3B874A0-0AA5-47E8-A0C3-9D6A1449F011}.Release|Any CPU.Build.0 = Release|Any CPU
	EndGlobalSection
	GlobalSection(SolutionProperties) = preSolution
		HideSolutionNode = FALSE
	EndGlobalSection
	GlobalSection(ExtensibilityGlobals) = postSolution
		SolutionGuid = {4D9BB5E1-FF19-4EB4-BCAA-08E9C08C0512}
	EndGlobalSection
EndGlobal
